<Solution>
  <Folder Name="/StructAndInterfaces/">
    <Project Path="StructAndInterfaces/Struct.csproj" />
  </Folder>
  <Project Path="LibraryManagementSystem/LibraryManagementSystem.csproj" />
  <Project Path="OfficeTracker/OfficeTracker.csproj" />
  <Project Path="Ques/Ques.csproj" />
  
</Solution>
